
Microsoft Visual Studio Solution File, Format Version 12.00
# Visual Studio Version 17
VisualStudioVersion = 17.13.35818.85 d17.13
MinimumVisualStudioVersion = 10.0.40219.1
Project("{FAE04EC0-301F-11D3-BF4B-00C04F79EFBC}") = "CinemaProject", "CinemaProject\CinemaProject.csproj", "{0272079D-5FC3-4C69-8CFA-A5124FED95CB}"
EndProject
Global
	GlobalSection(SolutionConfigurationPlatforms) = preSolution
		Debug|Any CPU = Debug|Any CPU
		Release|Any CPU = Release|Any CPU
	EndGlobalSection
	GlobalSection(ProjectConfigurationPlatforms) = postSolution
		{0272079D-5FC3-4C69-8CFA-A5124FED95CB}.Debug|Any CPU.ActiveCfg = Debug|Any CPU
		{0272079D-5FC3-4C69-8CFA-A5124FED95CB}.Debug|Any CPU.Build.0 = Debug|Any CPU
		{0272079D-5FC3-4C69-8CFA-A5124FED95CB}.Release|Any CPU.ActiveCfg = Release|Any CPU
		{0272079D-5FC3-4C69-8CFA-A5124FED95CB}.Release|Any CPU.Build.0 = Release|Any CPU
	EndGlobalSection
	GlobalSection(SolutionProperties) = preSolution
		HideSolutionNode = FALSE
	EndGlobalSection
	GlobalSection(ExtensibilityGlobals) = postSolution
		SolutionGuid = {288D46FA-F2F7-4672-9AED-969F19931EFD}
	EndGlobalSection
EndGlobal
